
Microsoft Visual Studio Solution File, Format Version 12.00
# Visual Studio Version 17
Project("{2150E333-8FDC-42A3-9474-1A3956D46DE8}") = "CMake", "CMake", "{D8B40DDA-5BB2-38DD-A52B-3C8CB732ABCB}"
EndProject
Project("{2150E333-8FDC-42A3-9474-1A3956D46DE8}") = "SFML", "SFML", "{24491DF2-24E4-309A-96EA-53641334DF8A}"
EndProject
Project("{8BC9CEB8-8B4A-11D0-8D11-00A0C91BC942}") = "ALL_BUILD", "ALL_BUILD.vcxproj", "{668547D4-45F1-308E-84CF-AB66A62D5D68}"
	ProjectSection(ProjectDependencies) = postProject
		{27DEF18F-D394-30AC-B610-5ED809A50203} = {27DEF18F-D394-30AC-B610-5ED809A50203}
		{0991244C-41A0-313B-9F35-28061E18B8A0} = {0991244C-41A0-313B-9F35-28061E18B8A0}
		{DBF9C4A2-DED9-382F-A7B5-D17ED5A8B814} = {DBF9C4A2-DED9-382F-A7B5-D17ED5A8B814}
		{53794A81-9016-341E-85E2-A1BC48B3FA89} = {53794A81-9016-341E-85E2-A1BC48B3FA89}
		{D4EA49C9-90EA-33B1-A548-3F6BDF972B1E} = {D4EA49C9-90EA-33B1-A548-3F6BDF972B1E}
		{A3617F47-4898-3327-93E8-9784A6817C68} = {A3617F47-4898-3327-93E8-9784A6817C68}
		{0D0A47C3-91D9-3D28-BE54-A9A7D91F1ED5} = {0D0A47C3-91D9-3D28-BE54-A9A7D91F1ED5}
	EndProjectSection
EndProject
Project("{8BC9CEB8-8B4A-11D0-8D11-00A0C91BC942}") = "INSTALL", "INSTALL.vcxproj", "{BD3DA973-7349-390F-9DF7-6FF3B4DB1E69}"
	ProjectSection(ProjectDependencies) = postProject
		{668547D4-45F1-308E-84CF-AB66A62D5D68} = {668547D4-45F1-308E-84CF-AB66A62D5D68}
		{27DEF18F-D394-30AC-B610-5ED809A50203} = {27DEF18F-D394-30AC-B610-5ED809A50203}
	EndProjectSection
EndProject
Project("{8BC9CEB8-8B4A-11D0-8D11-00A0C91BC942}") = "PACKAGE", "PACKAGE.vcxproj", "{4930A5A9-1A86-3905-BB2E-3D1791CB7040}"
	ProjectSection(ProjectDependencies) = postProject
		{668547D4-45F1-308E-84CF-AB66A62D5D68} = {668547D4-45F1-308E-84CF-AB66A62D5D68}
		{27DEF18F-D394-30AC-B610-5ED809A50203} = {27DEF18F-D394-30AC-B610-5ED809A50203}
	EndProjectSection
EndProject
Project("{8BC9CEB8-8B4A-11D0-8D11-00A0C91BC942}") = "ZERO_CHECK", "..\..\\ZERO_CHECK.vcxproj", "{27DEF18F-D394-30AC-B610-5ED809A50203}"
	ProjectSection(ProjectDependencies) = postProject
	EndProjectSection
EndProject
Project("{8BC9CEB8-8B4A-11D0-8D11-00A0C91BC942}") = "sfml-audio", "src\SFML\Audio\sfml-audio.vcxproj", "{0991244C-41A0-313B-9F35-28061E18B8A0}"
	ProjectSection(ProjectDependencies) = postProject
		{27DEF18F-D394-30AC-B610-5ED809A50203} = {27DEF18F-D394-30AC-B610-5ED809A50203}
		{A3617F47-4898-3327-93E8-9784A6817C68} = {A3617F47-4898-3327-93E8-9784A6817C68}
	EndProjectSection
EndProject
Project("{8BC9CEB8-8B4A-11D0-8D11-00A0C91BC942}") = "sfml-graphics", "src\SFML\Graphics\sfml-graphics.vcxproj", "{DBF9C4A2-DED9-382F-A7B5-D17ED5A8B814}"
	ProjectSection(ProjectDependencies) = postProject
		{27DEF18F-D394-30AC-B610-5ED809A50203} = {27DEF18F-D394-30AC-B610-5ED809A50203}
		{A3617F47-4898-3327-93E8-9784A6817C68} = {A3617F47-4898-3327-93E8-9784A6817C68}
		{0D0A47C3-91D9-3D28-BE54-A9A7D91F1ED5} = {0D0A47C3-91D9-3D28-BE54-A9A7D91F1ED5}
	EndProjectSection
EndProject
Project("{8BC9CEB8-8B4A-11D0-8D11-00A0C91BC942}") = "sfml-main", "src\SFML\Main\sfml-main.vcxproj", "{53794A81-9016-341E-85E2-A1BC48B3FA89}"
	ProjectSection(ProjectDependencies) = postProject
		{27DEF18F-D394-30AC-B610-5ED809A50203} = {27DEF18F-D394-30AC-B610-5ED809A50203}
	EndProjectSection
EndProject
Project("{8BC9CEB8-8B4A-11D0-8D11-00A0C91BC942}") = "sfml-network", "src\SFML\Network\sfml-network.vcxproj", "{D4EA49C9-90EA-33B1-A548-3F6BDF972B1E}"
	ProjectSection(ProjectDependencies) = postProject
		{27DEF18F-D394-30AC-B610-5ED809A50203} = {27DEF18F-D394-30AC-B610-5ED809A50203}
		{A3617F47-4898-3327-93E8-9784A6817C68} = {A3617F47-4898-3327-93E8-9784A6817C68}
	EndProjectSection
EndProject
Project("{8BC9CEB8-8B4A-11D0-8D11-00A0C91BC942}") = "sfml-system", "src\SFML\System\sfml-system.vcxproj", "{A3617F47-4898-3327-93E8-9784A6817C68}"
	ProjectSection(ProjectDependencies) = postProject
		{27DEF18F-D394-30AC-B610-5ED809A50203} = {27DEF18F-D394-30AC-B610-5ED809A50203}
	EndProjectSection
EndProject
Project("{8BC9CEB8-8B4A-11D0-8D11-00A0C91BC942}") = "sfml-window", "src\SFML\Window\sfml-window.vcxproj", "{0D0A47C3-91D9-3D28-BE54-A9A7D91F1ED5}"
	ProjectSection(ProjectDependencies) = postProject
		{27DEF18F-D394-30AC-B610-5ED809A50203} = {27DEF18F-D394-30AC-B610-5ED809A50203}
		{A3617F47-4898-3327-93E8-9784A6817C68} = {A3617F47-4898-3327-93E8-9784A6817C68}
	EndProjectSection
EndProject
Global
	GlobalSection(SolutionConfigurationPlatforms) = preSolution
		Debug|x64 = Debug|x64
		Release|x64 = Release|x64
		MinSizeRel|x64 = MinSizeRel|x64
		RelWithDebInfo|x64 = RelWithDebInfo|x64
	EndGlobalSection
	GlobalSection(ProjectConfigurationPlatforms) = postSolution
		{668547D4-45F1-308E-84CF-AB66A62D5D68}.Debug|x64.ActiveCfg = Debug|x64
		{668547D4-45F1-308E-84CF-AB66A62D5D68}.Debug|x64.Build.0 = Debug|x64
		{668547D4-45F1-308E-84CF-AB66A62D5D68}.Release|x64.ActiveCfg = Release|x64
		{668547D4-45F1-308E-84CF-AB66A62D5D68}.Release|x64.Build.0 = Release|x64
		{668547D4-45F1-308E-84CF-AB66A62D5D68}.MinSizeRel|x64.ActiveCfg = MinSizeRel|x64
		{668547D4-45F1-308E-84CF-AB66A62D5D68}.MinSizeRel|x64.Build.0 = MinSizeRel|x64
		{668547D4-45F1-308E-84CF-AB66A62D5D68}.RelWithDebInfo|x64.ActiveCfg = RelWithDebInfo|x64
		{668547D4-45F1-308E-84CF-AB66A62D5D68}.RelWithDebInfo|x64.Build.0 = RelWithDebInfo|x64
		{BD3DA973-7349-390F-9DF7-6FF3B4DB1E69}.Debug|x64.ActiveCfg = Debug|x64
		{BD3DA973-7349-390F-9DF7-6FF3B4DB1E69}.Release|x64.ActiveCfg = Release|x64
		{BD3DA973-7349-390F-9DF7-6FF3B4DB1E69}.MinSizeRel|x64.ActiveCfg = MinSizeRel|x64
		{BD3DA973-7349-390F-9DF7-6FF3B4DB1E69}.RelWithDebInfo|x64.ActiveCfg = RelWithDebInfo|x64
		{4930A5A9-1A86-3905-BB2E-3D1791CB7040}.Debug|x64.ActiveCfg = Debug|x64
		{4930A5A9-1A86-3905-BB2E-3D1791CB7040}.Release|x64.ActiveCfg = Release|x64
		{4930A5A9-1A86-3905-BB2E-3D1791CB7040}.MinSizeRel|x64.ActiveCfg = MinSizeRel|x64
		{4930A5A9-1A86-3905-BB2E-3D1791CB7040}.RelWithDebInfo|x64.ActiveCfg = RelWithDebInfo|x64
		{27DEF18F-D394-30AC-B610-5ED809A50203}.Debug|x64.ActiveCfg = Debug|x64
		{27DEF18F-D394-30AC-B610-5ED809A50203}.Debug|x64.Build.0 = Debug|x64
		{27DEF18F-D394-30AC-B610-5ED809A50203}.Release|x64.ActiveCfg = Release|x64
		{27DEF18F-D394-30AC-B610-5ED809A50203}.Release|x64.Build.0 = Release|x64
		{27DEF18F-D394-30AC-B610-5ED809A50203}.MinSizeRel|x64.ActiveCfg = MinSizeRel|x64
		{27DEF18F-D394-30AC-B610-5ED809A50203}.MinSizeRel|x64.Build.0 = MinSizeRel|x64
		{27DEF18F-D394-30AC-B610-5ED809A50203}.RelWithDebInfo|x64.ActiveCfg = RelWithDebInfo|x64
		{27DEF18F-D394-30AC-B610-5ED809A50203}.RelWithDebInfo|x64.Build.0 = RelWithDebInfo|x64
		{0991244C-41A0-313B-9F35-28061E18B8A0}.Debug|x64.ActiveCfg = Debug|x64
		{0991244C-41A0-313B-9F35-28061E18B8A0}.Debug|x64.Build.0 = Debug|x64
		{0991244C-41A0-313B-9F35-28061E18B8A0}.Release|x64.ActiveCfg = Release|x64
		{0991244C-41A0-313B-9F35-28061E18B8A0}.Release|x64.Build.0 = Release|x64
		{0991244C-41A0-313B-9F35-28061E18B8A0}.MinSizeRel|x64.ActiveCfg = MinSizeRel|x64
		{0991244C-41A0-313B-9F35-28061E18B8A0}.MinSizeRel|x64.Build.0 = MinSizeRel|x64
		{0991244C-41A0-313B-9F35-28061E18B8A0}.RelWithDebInfo|x64.ActiveCfg = RelWithDebInfo|x64
		{0991244C-41A0-313B-9F35-28061E18B8A0}.RelWithDebInfo|x64.Build.0 = RelWithDebInfo|x64
		{DBF9C4A2-DED9-382F-A7B5-D17ED5A8B814}.Debug|x64.ActiveCfg = Debug|x64
		{DBF9C4A2-DED9-382F-A7B5-D17ED5A8B814}.Debug|x64.Build.0 = Debug|x64
		{DBF9C4A2-DED9-382F-A7B5-D17ED5A8B814}.Release|x64.ActiveCfg = Release|x64
		{DBF9C4A2-DED9-382F-A7B5-D17ED5A8B814}.Release|x64.Build.0 = Release|x64
		{DBF9C4A2-DED9-382F-A7B5-D17ED5A8B814}.MinSizeRel|x64.ActiveCfg = MinSizeRel|x64
		{DBF9C4A2-DED9-382F-A7B5-D17ED5A8B814}.MinSizeRel|x64.Build.0 = MinSizeRel|x64
		{DBF9C4A2-DED9-382F-A7B5-D17ED5A8B814}.RelWithDebInfo|x64.ActiveCfg = RelWithDebInfo|x64
		{DBF9C4A2-DED9-382F-A7B5-D17ED5A8B814}.RelWithDebInfo|x64.Build.0 = RelWithDebInfo|x64
		{53794A81-9016-341E-85E2-A1BC48B3FA89}.Debug|x64.ActiveCfg = Debug|x64
		{53794A81-9016-341E-85E2-A1BC48B3FA89}.Debug|x64.Build.0 = Debug|x64
		{53794A81-9016-341E-85E2-A1BC48B3FA89}.Release|x64.ActiveCfg = Release|x64
		{53794A81-9016-341E-85E2-A1BC48B3FA89}.Release|x64.Build.0 = Release|x64
		{53794A81-9016-341E-85E2-A1BC48B3FA89}.MinSizeRel|x64.ActiveCfg = MinSizeRel|x64
		{53794A81-9016-341E-85E2-A1BC48B3FA89}.MinSizeRel|x64.Build.0 = MinSizeRel|x64
		{53794A81-9016-341E-85E2-A1BC48B3FA89}.RelWithDebInfo|x64.ActiveCfg = RelWithDebInfo|x64
		{53794A81-9016-341E-85E2-A1BC48B3FA89}.RelWithDebInfo|x64.Build.0 = RelWithDebInfo|x64
		{D4EA49C9-90EA-33B1-A548-3F6BDF972B1E}.Debug|x64.ActiveCfg = Debug|x64
		{D4EA49C9-90EA-33B1-A548-3F6BDF972B1E}.Debug|x64.Build.0 = Debug|x64
		{D4EA49C9-90EA-33B1-A548-3F6BDF972B1E}.Release|x64.ActiveCfg = Release|x64
		{D4EA49C9-90EA-33B1-A548-3F6BDF972B1E}.Release|x64.Build.0 = Release|x64
		{D4EA49C9-90EA-33B1-A548-3F6BDF972B1E}.MinSizeRel|x64.ActiveCfg = MinSizeRel|x64
		{D4EA49C9-90EA-33B1-A548-3F6BDF972B1E}.MinSizeRel|x64.Build.0 = MinSizeRel|x64
		{D4EA49C9-90EA-33B1-A548-3F6BDF972B1E}.RelWithDebInfo|x64.ActiveCfg = RelWithDebInfo|x64
		{D4EA49C9-90EA-33B1-A548-3F6BDF972B1E}.RelWithDebInfo|x64.Build.0 = RelWithDebInfo|x64
		{A3617F47-4898-3327-93E8-9784A6817C68}.Debug|x64.ActiveCfg = Debug|x64
		{A3617F47-4898-3327-93E8-9784A6817C68}.Debug|x64.Build.0 = Debug|x64
		{A3617F47-4898-3327-93E8-9784A6817C68}.Release|x64.ActiveCfg = Release|x64
		{A3617F47-4898-3327-93E8-9784A6817C68}.Release|x64.Build.0 = Release|x64
		{A3617F47-4898-3327-93E8-9784A6817C68}.MinSizeRel|x64.ActiveCfg = MinSizeRel|x64
		{A3617F47-4898-3327-93E8-9784A6817C68}.MinSizeRel|x64.Build.0 = MinSizeRel|x64
		{A3617F47-4898-3327-93E8-9784A6817C68}.RelWithDebInfo|x64.ActiveCfg = RelWithDebInfo|x64
		{A3617F47-4898-3327-93E8-9784A6817C68}.RelWithDebInfo|x64.Build.0 = RelWithDebInfo|x64
		{0D0A47C3-91D9-3D28-BE54-A9A7D91F1ED5}.Debug|x64.ActiveCfg = Debug|x64
		{0D0A47C3-91D9-3D28-BE54-A9A7D91F1ED5}.Debug|x64.Build.0 = Debug|x64
		{0D0A47C3-91D9-3D28-BE54-A9A7D91F1ED5}.Release|x64.ActiveCfg = Release|x64
		{0D0A47C3-91D9-3D28-BE54-A9A7D91F1ED5}.Release|x64.Build.0 = Release|x64
		{0D0A47C3-91D9-3D28-BE54-A9A7D91F1ED5}.MinSizeRel|x64.ActiveCfg = MinSizeRel|x64
		{0D0A47C3-91D9-3D28-BE54-A9A7D91F1ED5}.MinSizeRel|x64.Build.0 = MinSizeRel|x64
		{0D0A47C3-91D9-3D28-BE54-A9A7D91F1ED5}.RelWithDebInfo|x64.ActiveCfg = RelWithDebInfo|x64
		{0D0A47C3-91D9-3D28-BE54-A9A7D91F1ED5}.RelWithDebInfo|x64.Build.0 = RelWithDebInfo|x64
	EndGlobalSection
	GlobalSection(NestedProjects) = preSolution
		{668547D4-45F1-308E-84CF-AB66A62D5D68} = {D8B40DDA-5BB2-38DD-A52B-3C8CB732ABCB}
		{BD3DA973-7349-390F-9DF7-6FF3B4DB1E69} = {D8B40DDA-5BB2-38DD-A52B-3C8CB732ABCB}
		{4930A5A9-1A86-3905-BB2E-3D1791CB7040} = {D8B40DDA-5BB2-38DD-A52B-3C8CB732ABCB}
		{27DEF18F-D394-30AC-B610-5ED809A50203} = {D8B40DDA-5BB2-38DD-A52B-3C8CB732ABCB}
		{0991244C-41A0-313B-9F35-28061E18B8A0} = {24491DF2-24E4-309A-96EA-53641334DF8A}
		{DBF9C4A2-DED9-382F-A7B5-D17ED5A8B814} = {24491DF2-24E4-309A-96EA-53641334DF8A}
		{53794A81-9016-341E-85E2-A1BC48B3FA89} = {24491DF2-24E4-309A-96EA-53641334DF8A}
		{D4EA49C9-90EA-33B1-A548-3F6BDF972B1E} = {24491DF2-24E4-309A-96EA-53641334DF8A}
		{A3617F47-4898-3327-93E8-9784A6817C68} = {24491DF2-24E4-309A-96EA-53641334DF8A}
		{0D0A47C3-91D9-3D28-BE54-A9A7D91F1ED5} = {24491DF2-24E4-309A-96EA-53641334DF8A}
	EndGlobalSection
	GlobalSection(ExtensibilityGlobals) = postSolution
		SolutionGuid = {F7A40038-5087-3D20-AC5E-33FB0775F2B3}
	EndGlobalSection
	GlobalSection(ExtensibilityAddIns) = postSolution
	EndGlobalSection
EndGlobal
