<?xml version="1.0" encoding="utf-8"?>
<Project ToolsVersion="17.0" xmlns="http://schemas.microsoft.com/developer/msbuild/2003">
  <ItemGroup>
    <CustomBuild Include="C:\Users\carlo\Game_Pojects_Builds\Game--Pong\CMakeFiles\1f3dd4c8580c0e03c4a086e7da463600\INSTALL_force.rule">
      <Filter>CMake Rules</Filter>
    </CustomBuild>
  </ItemGroup>
  <ItemGroup>
    <Filter Include="CMake Rules">
      <UniqueIdentifier>{B2CFDACB-C456-3DD8-A29C-357BB05C00B4}</UniqueIdentifier>
    </Filter>
  </ItemGroup>
</Project>
